
Microsoft Visual Studio Solution File, Format Version 12.00
# Visual Studio Version 17
VisualStudioVersion = 17.3.32825.248
MinimumVisualStudioVersion = 10.0.40219.1
Project("{FAE04EC0-301F-11D3-BF4B-00C04F79EFBC}") = "CMC updated", "CMC updated\CMC updated.csproj", "{84DCA868-87FA-4E48-9161-0AD367846DA1}"
EndProject
Global
	GlobalSection(SolutionConfigurationPlatforms) = preSolution
		Debug|Any CPU = Debug|Any CPU
		Release|Any CPU = Release|Any CPU
	EndGlobalSection
	GlobalSection(ProjectConfigurationPlatforms) = postSolution
		{84DCA868-87FA-4E48-9161-0AD367846DA1}.Debug|Any CPU.ActiveCfg = Debug|Any CPU
		{84DCA868-87FA-4E48-9161-0AD367846DA1}.Debug|Any CPU.Build.0 = Debug|Any CPU
		{84DCA868-87FA-4E48-9161-0AD367846DA1}.Release|Any CPU.ActiveCfg = Release|Any CPU
		{84DCA868-87FA-4E48-9161-0AD367846DA1}.Release|Any CPU.Build.0 = Release|Any CPU
	EndGlobalSection
	GlobalSection(SolutionProperties) = preSolution
		HideSolutionNode = FALSE
	EndGlobalSection
	GlobalSection(ExtensibilityGlobals) = postSolution
		SolutionGuid = {BD69F7C6-E495-4EFE-BF34-521CE03C0025}
	EndGlobalSection
EndGlobal
